{
  "nodes": {
    "flake-utils": {
      "locked": {
        "lastModified": 1659877975,
        "narHash": "sha256-zllb8aq3YO3h8B/U0/J1WBgAL8EX5yWf5pMj3G0NAmc=",
        "owner": "numtide",
        "repo": "flake-utils",
        "rev": "c0e246b9b83f637f4681389ecabcb2681b4f3af0",
        "type": "github"
      },
      "original": {
        "owner": "numtide",
        "repo": "flake-utils",
        "type": "github"
      }
    },
    "nixpkgs": {
      "locked": {
        "lastModified": 1676790509,
        "narHash": "sha256-W9uWAWokgS8US8rJf79qBLS2M+ZgIscfoz+KsNE7VGQ=",
        "owner": "nixos",
        "repo": "nixpkgs",
        "rev": "a1291d0d020a200c7ce3c48e96090bfa4890a475",
        "type": "github"
      },
      "original": {
        "owner": "nixos",
        "ref": "nixpkgs-unstable",
        "repo": "nixpkgs",
        "type": "github"
      }
    },
    "nixpkgs_2": {
      "locked": {
        "lastModified": 1665296151,
        "narHash": "sha256-uOB0oxqxN9K7XGF1hcnY+PQnlQJ+3bP2vCn/+Ru/bbc=",
        "owner": "NixOS",
        "repo": "nixpkgs",
        "rev": "14ccaaedd95a488dd7ae142757884d8e125b3363",
        "type": "github"
      },
      "original": {
        "owner": "NixOS",
        "ref": "nixpkgs-unstable",
        "repo": "nixpkgs",
        "type": "github"
      }
    },
    "root": {
      "inputs": {
        "nixpkgs": "nixpkgs",
        "rust-overlay": "rust-overlay",
        "stable": "stable"
      }
    },
    "rust-overlay": {
      "inputs": {
        "flake-utils": "flake-utils",
        "nixpkgs": "nixpkgs_2"
      },
      "locked": {
        "lastModified": 1676773870,
        "narHash": "sha256-RhG7QmA14xih1lv6SB2WDVER4fbJ1cLwr0ntCpIjKbQ=",
        "owner": "oxalica",
        "repo": "rust-overlay",
        "rev": "a6fa42390d46ef1326fbe98288b65d3b586870da",
        "type": "github"
      },
      "original": {
        "owner": "oxalica",
        "repo": "rust-overlay",
        "type": "github"
      }
    },
    "stable": {
      "locked": {
        "lastModified": 1676718858,
        "narHash": "sha256-giQecvcifVLNHCC9lMfTGP09tNxXhOMw+d/aql7MhRw=",
        "owner": "nixos",
        "repo": "nixpkgs",
        "rev": "e6d5772f3515b8518d50122471381feae7cbae36",
        "type": "github"
      },
      "original": {
        "owner": "nixos",
        "ref": "nixos-22.11",
        "repo": "nixpkgs",
        "type": "github"
      }
    }
  },
  "root": "root",
  "version": 7
}
